
Microsoft Visual Studio Solution File, Format Version 12.00
# Visual Studio Version 17
VisualStudioVersion = 17.8.34601.278
MinimumVisualStudioVersion = 10.0.40219.1
Project("{FAE04EC0-301F-11D3-BF4B-00C04F79EFBC}") = "reporte", "reporte.csproj", "{CADBD67F-E8A3-4C0C-9306-191DCC3C4FBB}"
EndProject
Global
	GlobalSection(SolutionConfigurationPlatforms) = preSolution
		Debug|Any CPU = Debug|Any CPU
		Release|Any CPU = Release|Any CPU
	EndGlobalSection
	GlobalSection(ProjectConfigurationPlatforms) = postSolution
		{CADBD67F-E8A3-4C0C-9306-191DCC3C4FBB}.Debug|Any CPU.ActiveCfg = Debug|Any CPU
		{CADBD67F-E8A3-4C0C-9306-191DCC3C4FBB}.Debug|Any CPU.Build.0 = Debug|Any CPU
		{CADBD67F-E8A3-4C0C-9306-191DCC3C4FBB}.Release|Any CPU.ActiveCfg = Release|Any CPU
		{CADBD67F-E8A3-4C0C-9306-191DCC3C4FBB}.Release|Any CPU.Build.0 = Release|Any CPU
	EndGlobalSection
	GlobalSection(SolutionProperties) = preSolution
		HideSolutionNode = FALSE
	EndGlobalSection
	GlobalSection(ExtensibilityGlobals) = postSolution
		SolutionGuid = {3C7CA234-8ED9-4393-B1F7-00B4B822DF9B}
	EndGlobalSection
EndGlobal
